
Microsoft Visual Studio Solution File, Format Version 12.00
# Visual Studio Version 17
VisualStudioVersion = 17.0.31903.59
MinimumVisualStudioVersion = 10.0.40219.1
Project("{FAE04EC0-301F-11D3-BF4B-00C04F79EFBC}") = "GrpcServer", "GrpcServer\GrpcServer.csproj", "{AF30F4D2-DB28-49BD-9BD9-933D0997AA2D}"
EndProject
Project("{FAE04EC0-301F-11D3-BF4B-00C04F79EFBC}") = "GrpcClient", "GrpcClient\GrpcClient.csproj", "{0ADCD18A-EEEA-4633-880D-9147158EAF91}"
EndProject
Global
	GlobalSection(SolutionConfigurationPlatforms) = preSolution
		Debug|Any CPU = Debug|Any CPU
		Release|Any CPU = Release|Any CPU
	EndGlobalSection
	GlobalSection(SolutionProperties) = preSolution
		HideSolutionNode = FALSE
	EndGlobalSection
	GlobalSection(ProjectConfigurationPlatforms) = postSolution
		{AF30F4D2-DB28-49BD-9BD9-933D0997AA2D}.Debug|Any CPU.ActiveCfg = Debug|Any CPU
		{AF30F4D2-DB28-49BD-9BD9-933D0997AA2D}.Debug|Any CPU.Build.0 = Debug|Any CPU
		{AF30F4D2-DB28-49BD-9BD9-933D0997AA2D}.Release|Any CPU.ActiveCfg = Release|Any CPU
		{AF30F4D2-DB28-49BD-9BD9-933D0997AA2D}.Release|Any CPU.Build.0 = Release|Any CPU
		{0ADCD18A-EEEA-4633-880D-9147158EAF91}.Debug|Any CPU.ActiveCfg = Debug|Any CPU
		{0ADCD18A-EEEA-4633-880D-9147158EAF91}.Debug|Any CPU.Build.0 = Debug|Any CPU
		{0ADCD18A-EEEA-4633-880D-9147158EAF91}.Release|Any CPU.ActiveCfg = Release|Any CPU
		{0ADCD18A-EEEA-4633-880D-9147158EAF91}.Release|Any CPU.Build.0 = Release|Any CPU
	EndGlobalSection
EndGlobal
